
Microsoft Visual Studio Solution File, Format Version 12.00
# Visual Studio Version 17
VisualStudioVersion = 17.14.36603.0
MinimumVisualStudioVersion = 10.0.40219.1
Project("{2150E333-8FDC-42A3-9474-1A3956D46DE8}") = "src", "src", "{02EA681E-C7D8-13C7-8484-4AC65E1B71E8}"
EndProject
Project("{2150E333-8FDC-42A3-9474-1A3956D46DE8}") = "tests", "tests", "{C7EC512C-06CA-44AB-B25F-54F1A90CC659}"
EndProject
Project("{FAE04EC0-301F-11D3-BF4B-00C04F79EFBC}") = "PaypalPayment.Api", "PaypalPayment.Api\PaypalPayment.Api.csproj", "{C90D0879-2E96-4521-BDF6-2B3FA0BD74E8}"
EndProject
Project("{FAE04EC0-301F-11D3-BF4B-00C04F79EFBC}") = "PaypalPayment.Application", "PaypalPayment.Application\PaypalPayment.Application.csproj", "{C347CE82-0F81-4FC7-9099-21222174A8D7}"
EndProject
Project("{FAE04EC0-301F-11D3-BF4B-00C04F79EFBC}") = "PaypalPayment.Domain", "PaypalPayment.Domain\PaypalPayment.Domain.csproj", "{C5CD77FA-EFB7-4408-B44E-28D172F77D87}"
EndProject
Project("{FAE04EC0-301F-11D3-BF4B-00C04F79EFBC}") = "PaypalPayment.Infrastructure", "PaypalPayment.Infrastructure\PaypalPayment.Infrastructure.csproj", "{2CEDF723-2236-4AC1-B0EF-4B76E53B30FE}"
EndProject
Project("{FAE04EC0-301F-11D3-BF4B-00C04F79EFBC}") = "PaypalPayment.Tests", "PaypalPayment.Tests\PaypalPayment.Tests.csproj", "{D73CA4C7-1753-461A-8A04-F55D1849D935}"
EndProject
Global
	GlobalSection(SolutionConfigurationPlatforms) = preSolution
		Debug|Any CPU = Debug|Any CPU
		Release|Any CPU = Release|Any CPU
	EndGlobalSection
	GlobalSection(ProjectConfigurationPlatforms) = postSolution
		{C90D0879-2E96-4521-BDF6-2B3FA0BD74E8}.Debug|Any CPU.ActiveCfg = Debug|Any CPU
		{C90D0879-2E96-4521-BDF6-2B3FA0BD74E8}.Debug|Any CPU.Build.0 = Debug|Any CPU
		{C90D0879-2E96-4521-BDF6-2B3FA0BD74E8}.Release|Any CPU.ActiveCfg = Release|Any CPU
		{C90D0879-2E96-4521-BDF6-2B3FA0BD74E8}.Release|Any CPU.Build.0 = Release|Any CPU
		{C347CE82-0F81-4FC7-9099-21222174A8D7}.Debug|Any CPU.ActiveCfg = Debug|Any CPU
		{C347CE82-0F81-4FC7-9099-21222174A8D7}.Debug|Any CPU.Build.0 = Debug|Any CPU
		{C347CE82-0F81-4FC7-9099-21222174A8D7}.Release|Any CPU.ActiveCfg = Release|Any CPU
		{C347CE82-0F81-4FC7-9099-21222174A8D7}.Release|Any CPU.Build.0 = Release|Any CPU
		{C5CD77FA-EFB7-4408-B44E-28D172F77D87}.Debug|Any CPU.ActiveCfg = Debug|Any CPU
		{C5CD77FA-EFB7-4408-B44E-28D172F77D87}.Debug|Any CPU.Build.0 = Debug|Any CPU
		{C5CD77FA-EFB7-4408-B44E-28D172F77D87}.Release|Any CPU.ActiveCfg = Release|Any CPU
		{C5CD77FA-EFB7-4408-B44E-28D172F77D87}.Release|Any CPU.Build.0 = Release|Any CPU
		{2CEDF723-2236-4AC1-B0EF-4B76E53B30FE}.Debug|Any CPU.ActiveCfg = Debug|Any CPU
		{2CEDF723-2236-4AC1-B0EF-4B76E53B30FE}.Debug|Any CPU.Build.0 = Debug|Any CPU
		{2CEDF723-2236-4AC1-B0EF-4B76E53B30FE}.Release|Any CPU.ActiveCfg = Release|Any CPU
		{2CEDF723-2236-4AC1-B0EF-4B76E53B30FE}.Release|Any CPU.Build.0 = Release|Any CPU
		{D73CA4C7-1753-461A-8A04-F55D1849D935}.Debug|Any CPU.ActiveCfg = Debug|Any CPU
		{D73CA4C7-1753-461A-8A04-F55D1849D935}.Debug|Any CPU.Build.0 = Debug|Any CPU
		{D73CA4C7-1753-461A-8A04-F55D1849D935}.Release|Any CPU.ActiveCfg = Release|Any CPU
		{D73CA4C7-1753-461A-8A04-F55D1849D935}.Release|Any CPU.Build.0 = Release|Any CPU
	EndGlobalSection
	GlobalSection(SolutionProperties) = preSolution
		HideSolutionNode = FALSE
	EndGlobalSection
	GlobalSection(NestedProjects) = preSolution
		{C90D0879-2E96-4521-BDF6-2B3FA0BD74E8} = {02EA681E-C7D8-13C7-8484-4AC65E1B71E8}
		{C347CE82-0F81-4FC7-9099-21222174A8D7} = {02EA681E-C7D8-13C7-8484-4AC65E1B71E8}
		{C5CD77FA-EFB7-4408-B44E-28D172F77D87} = {02EA681E-C7D8-13C7-8484-4AC65E1B71E8}
		{2CEDF723-2236-4AC1-B0EF-4B76E53B30FE} = {02EA681E-C7D8-13C7-8484-4AC65E1B71E8}
		{D73CA4C7-1753-461A-8A04-F55D1849D935} = {C7EC512C-06CA-44AB-B25F-54F1A90CC659}
	EndGlobalSection
	GlobalSection(ExtensibilityGlobals) = postSolution
		SolutionGuid = {FF7F2FED-77E9-4FA0-8D98-CA1D3EC02773}
	EndGlobalSection
EndGlobal
